
Microsoft Visual Studio Solution File, Format Version 12.00
# Visual Studio Version 16
VisualStudioVersion = 16.0.29613.14
MinimumVisualStudioVersion = 10.0.40219.1
Project("{9A19103F-16F7-4668-BE54-9A1E7A4F7556}") = "CognitiveServices.TextAnalytics", "CognitiveServices.TextAnalytics.csproj", "{6CD03F7F-779B-4E44-8E2E-3726F78B7979}"
EndProject
Global
	GlobalSection(SolutionConfigurationPlatforms) = preSolution
		Debug|Any CPU = Debug|Any CPU
		Release|Any CPU = Release|Any CPU
	EndGlobalSection
	GlobalSection(ProjectConfigurationPlatforms) = postSolution
		{6CD03F7F-779B-4E44-8E2E-3726F78B7979}.Debug|Any CPU.ActiveCfg = Debug|Any CPU
		{6CD03F7F-779B-4E44-8E2E-3726F78B7979}.Debug|Any CPU.Build.0 = Debug|Any CPU
		{6CD03F7F-779B-4E44-8E2E-3726F78B7979}.Release|Any CPU.ActiveCfg = Release|Any CPU
		{6CD03F7F-779B-4E44-8E2E-3726F78B7979}.Release|Any CPU.Build.0 = Release|Any CPU
	EndGlobalSection
	GlobalSection(SolutionProperties) = preSolution
		HideSolutionNode = FALSE
	EndGlobalSection
	GlobalSection(ExtensibilityGlobals) = postSolution
		SolutionGuid = {11D35724-1D04-4582-88CB-BA1FF9769876}
	EndGlobalSection
EndGlobal
